
Microsoft Visual Studio Solution File, Format Version 12.00
# Visual Studio 15
VisualStudioVersion = 15.0.28307.329
MinimumVisualStudioVersion = 10.0.40219.1
Project("{FAE04EC0-301F-11D3-BF4B-00C04F79EFBC}") = "2D RPG", "2D RPG\2D RPG.csproj", "{46B46CEF-49AA-4C4C-8092-27C05CEDFDEF}"
EndProject
Global
	GlobalSection(SolutionConfigurationPlatforms) = preSolution
		Debug|Any CPU = Debug|Any CPU
		Release|Any CPU = Release|Any CPU
	EndGlobalSection
	GlobalSection(ProjectConfigurationPlatforms) = postSolution
		{46B46CEF-49AA-4C4C-8092-27C05CEDFDEF}.Debug|Any CPU.ActiveCfg = Debug|Any CPU
		{46B46CEF-49AA-4C4C-8092-27C05CEDFDEF}.Debug|Any CPU.Build.0 = Debug|Any CPU
		{46B46CEF-49AA-4C4C-8092-27C05CEDFDEF}.Release|Any CPU.ActiveCfg = Release|Any CPU
		{46B46CEF-49AA-4C4C-8092-27C05CEDFDEF}.Release|Any CPU.Build.0 = Release|Any CPU
	EndGlobalSection
	GlobalSection(SolutionProperties) = preSolution
		HideSolutionNode = FALSE
	EndGlobalSection
	GlobalSection(ExtensibilityGlobals) = postSolution
		SolutionGuid = {AC3FD4E1-0039-456D-8F85-39D8E686C0F8}
	EndGlobalSection
EndGlobal
